# THIS IS AN AUTOGENERATED FILE. DO NOT EDIT THIS FILE DIRECTLY.
# yarn lockfile v1


"@types/ua-parser-js@^0.7.39":
  version "0.7.39"
  resolved "https://registry.npmmirror.com/@types/ua-parser-js/-/ua-parser-js-0.7.39.tgz#832c58e460c9435e4e34bb866e85e9146e12cdbb"
  integrity sha512-P/oDfpofrdtF5xw433SPALpdSchtJmY7nsJItf8h3KXqOslkbySh8zq4dSWXH2oTjRvJ5PczVEoCZPow6GicLg==

"@vercel/edge@^1.1.1":
  version "1.1.1"
  resolved "https://registry.npmmirror.com/@vercel/edge/-/edge-1.1.1.tgz#9b2fc0081dfe95db8b4c3598275721b1ad85e43f"
  integrity sha512-NtKiIbn9Cq6HWGy+qRudz28mz5nxfOJWls5Pnckjw1yCfSX8rhXdvY/il3Sy3Zd5n/sKCM2h7VSCCpJF/oaDrQ==

ua-parser-js@^1.0.38:
  version "1.0.38"
  resolved "https://registry.npmmirror.com/ua-parser-js/-/ua-parser-js-1.0.38.tgz#66bb0c4c0e322fe48edfe6d446df6042e62f25e2"
  integrity sha512-Aq5ppTOfvrCMgAPneW1HfWj66Xi7XL+/mIy996R1/CLS/rcyJQm6QZdsKrUeivDFQ+Oc9Wyuwor8Ze8peEoUoQ==
